
Microsoft Visual Studio Solution File, Format Version 12.00
# Visual Studio 2012
Project("{FAE04EC0-301F-11D3-BF4B-00C04F79EFBC}") = "FreeTravelers", "FreeTravelers\FreeTravelers.csproj", "{3BBD4376-1ED3-408B-96C0-661BF5F54CD4}"
EndProject
Project("{FAE04EC0-301F-11D3-BF4B-00C04F79EFBC}") = "FreeTravelers.iOS", "iOS\FreeTravelers.iOS.csproj", "{C2668EEE-A962-4DBF-B583-6947FAA56C00}"
EndProject
Project("{FAE04EC0-301F-11D3-BF4B-00C04F79EFBC}") = "FreeTravelers.Droid", "Droid\FreeTravelers.Droid.csproj", "{F91EADD8-E443-4D08-9E95-B0C008060623}"
EndProject
Global
	GlobalSection(SolutionConfigurationPlatforms) = preSolution
		Debug|Any CPU = Debug|Any CPU
		Release|Any CPU = Release|Any CPU
		Debug|iPhoneSimulator = Debug|iPhoneSimulator
		Release|iPhone = Release|iPhone
		Release|iPhoneSimulator = Release|iPhoneSimulator
		Debug|iPhone = Debug|iPhone
	EndGlobalSection
	GlobalSection(ProjectConfigurationPlatforms) = postSolution
		{3BBD4376-1ED3-408B-96C0-661BF5F54CD4}.Debug|Any CPU.ActiveCfg = Debug|Any CPU
		{3BBD4376-1ED3-408B-96C0-661BF5F54CD4}.Debug|Any CPU.Build.0 = Debug|Any CPU
		{3BBD4376-1ED3-408B-96C0-661BF5F54CD4}.Release|Any CPU.ActiveCfg = Release|Any CPU
		{3BBD4376-1ED3-408B-96C0-661BF5F54CD4}.Release|Any CPU.Build.0 = Release|Any CPU
		{3BBD4376-1ED3-408B-96C0-661BF5F54CD4}.Debug|iPhoneSimulator.ActiveCfg = Debug|Any CPU
		{3BBD4376-1ED3-408B-96C0-661BF5F54CD4}.Debug|iPhoneSimulator.Build.0 = Debug|Any CPU
		{3BBD4376-1ED3-408B-96C0-661BF5F54CD4}.Release|iPhone.ActiveCfg = Release|Any CPU
		{3BBD4376-1ED3-408B-96C0-661BF5F54CD4}.Release|iPhone.Build.0 = Release|Any CPU
		{3BBD4376-1ED3-408B-96C0-661BF5F54CD4}.Release|iPhoneSimulator.ActiveCfg = Release|Any CPU
		{3BBD4376-1ED3-408B-96C0-661BF5F54CD4}.Release|iPhoneSimulator.Build.0 = Release|Any CPU
		{3BBD4376-1ED3-408B-96C0-661BF5F54CD4}.Debug|iPhone.ActiveCfg = Debug|Any CPU
		{3BBD4376-1ED3-408B-96C0-661BF5F54CD4}.Debug|iPhone.Build.0 = Debug|Any CPU
		{C2668EEE-A962-4DBF-B583-6947FAA56C00}.Debug|Any CPU.ActiveCfg = Debug|iPhoneSimulator
		{C2668EEE-A962-4DBF-B583-6947FAA56C00}.Debug|Any CPU.Build.0 = Debug|iPhoneSimulator
		{C2668EEE-A962-4DBF-B583-6947FAA56C00}.Release|Any CPU.ActiveCfg = Release|iPhone
		{C2668EEE-A962-4DBF-B583-6947FAA56C00}.Release|Any CPU.Build.0 = Release|iPhone
		{C2668EEE-A962-4DBF-B583-6947FAA56C00}.Debug|iPhoneSimulator.ActiveCfg = Debug|iPhoneSimulator
		{C2668EEE-A962-4DBF-B583-6947FAA56C00}.Debug|iPhoneSimulator.Build.0 = Debug|iPhoneSimulator
		{C2668EEE-A962-4DBF-B583-6947FAA56C00}.Release|iPhone.ActiveCfg = Release|iPhone
		{C2668EEE-A962-4DBF-B583-6947FAA56C00}.Release|iPhone.Build.0 = Release|iPhone
		{C2668EEE-A962-4DBF-B583-6947FAA56C00}.Release|iPhoneSimulator.ActiveCfg = Release|iPhoneSimulator
		{C2668EEE-A962-4DBF-B583-6947FAA56C00}.Release|iPhoneSimulator.Build.0 = Release|iPhoneSimulator
		{C2668EEE-A962-4DBF-B583-6947FAA56C00}.Debug|iPhone.ActiveCfg = Debug|iPhone
		{C2668EEE-A962-4DBF-B583-6947FAA56C00}.Debug|iPhone.Build.0 = Debug|iPhone
		{F91EADD8-E443-4D08-9E95-B0C008060623}.Debug|Any CPU.ActiveCfg = Debug|Any CPU
		{F91EADD8-E443-4D08-9E95-B0C008060623}.Debug|Any CPU.Build.0 = Debug|Any CPU
		{F91EADD8-E443-4D08-9E95-B0C008060623}.Release|Any CPU.ActiveCfg = Release|Any CPU
		{F91EADD8-E443-4D08-9E95-B0C008060623}.Release|Any CPU.Build.0 = Release|Any CPU
		{F91EADD8-E443-4D08-9E95-B0C008060623}.Debug|iPhoneSimulator.ActiveCfg = Debug|Any CPU
		{F91EADD8-E443-4D08-9E95-B0C008060623}.Debug|iPhoneSimulator.Build.0 = Debug|Any CPU
		{F91EADD8-E443-4D08-9E95-B0C008060623}.Release|iPhone.ActiveCfg = Release|Any CPU
		{F91EADD8-E443-4D08-9E95-B0C008060623}.Release|iPhone.Build.0 = Release|Any CPU
		{F91EADD8-E443-4D08-9E95-B0C008060623}.Release|iPhoneSimulator.ActiveCfg = Release|Any CPU
		{F91EADD8-E443-4D08-9E95-B0C008060623}.Release|iPhoneSimulator.Build.0 = Release|Any CPU
		{F91EADD8-E443-4D08-9E95-B0C008060623}.Debug|iPhone.ActiveCfg = Debug|Any CPU
		{F91EADD8-E443-4D08-9E95-B0C008060623}.Debug|iPhone.Build.0 = Debug|Any CPU
	EndGlobalSection
	GlobalSection(MonoDevelopProperties) = preSolution
		Policies = $0
		$0.DotNetNamingPolicy = $1
		$1.DirectoryNamespaceAssociation = None
		$1.ResourceNamePolicy = FileFormatDefault
		$0.StandardHeader = $2
		$2.Text = 
		$2.IncludeInNewFiles = True
		$0.NameConventionPolicy = $3
		$3.Rules = $4
		$4.NamingRule = $5
		$5.Name = Type Parameters
		$5.AffectedEntity = TypeParameter
		$5.VisibilityMask = VisibilityMask
		$5.NamingStyle = PascalCase
		$5.IncludeInstanceMembers = True
		$5.IncludeStaticEntities = True
		$5.RequiredPrefixes = $6
		$6.String = T
		$5.RequiredSuffixes = $7
		$7.String = Exception
		$0.VersionControlPolicy = $8
		$8.inheritsSet = Mono
	EndGlobalSection
EndGlobal
